// !$*UTF8*$!
{
	archiveVersion = 1;
	classes = {
	};
	objectVersion = 46;
	objects = {

/* Begin PBXGroup section */
		AFA0AA941BB1D8B0008AA0B4 = {
			isa = PBXGroup;
			children = (
			);
			sourceTree = "<group>";
		};
/* End PBXGroup section */

/* Begin PBXProject section */
		AFA0AA951BB1D8B0008AA0B4 /* Project object */ = {
			isa = PBXProject;
			attributes = {
				LastUpgradeCheck = 0610;
			};
			buildConfigurationList = AFA0AA981BB1D8B0008AA0B4 /* Build configuration list for PBXProject "Kinetic-J" */;
			compatibilityVersion = "Xcode 3.2";
			developmentRegion = English;
			hasScannedForEncodings = 0;
			knownRegions = (
				en,
			);
			mainGroup = AFA0AA941BB1D8B0008AA0B4;
			projectDirPath = "";
			projectRoot = "";
			targets = (
			);
		};
/* End PBXProject section */

/* Begin XCBuildConfiguration section */
		AFA0AA991BB1D8B0008AA0B4 /* Debug */ = {
			isa = XCBuildConfiguration;
			buildSettings = {
			};
			name = Debug;
		};
		AFA0AA9A1BB1D8B0008AA0B4 /* Release */ = {
			isa = XCBuildConfiguration;
			buildSettings = {
			};
			name = Release;
		};
/* End XCBuildConfiguration section */

/* Begin XCConfigurationList section */
		AFA0AA981BB1D8B0008AA0B4 /* Build configuration list for PBXProject "Kinetic-J" */ = {
			isa = XCConfigurationList;
			buildConfigurations = (
				AFA0AA991BB1D8B0008AA0B4 /* Debug */,
				AFA0AA9A1BB1D8B0008AA0B4 /* Release */,
			);
			defaultConfigurationIsVisible = 0;
			defaultConfigurationName = Release;
		};
/* End XCConfigurationList section */
	};
	rootObject = AFA0AA951BB1D8B0008AA0B4 /* Project object */;
}
