// !$*UTF8*$!
{
	archiveVersion = 1;
	classes = {
	};
	objectVersion = 46;
	objects = {

/* Begin PBXBuildFile section */
		AF7BAFDB1BB1EDAD00E4961A /* main.cpp in Sources */ = {isa = PBXBuildFile; fileRef = AF7BAFDA1BB1EDAD00E4961A /* main.cpp */; };
/* End PBXBuildFile section */

/* Begin PBXCopyFilesBuildPhase section */
		AF7BAFD51BB1EDAD00E4961A /* CopyFiles */ = {
			isa = PBXCopyFilesBuildPhase;
			buildActionMask = 2147483647;
			dstPath = /usr/share/man/man1/;
			dstSubfolderSpec = 0;
			files = (
			);
			runOnlyForDeploymentPostprocessing = 1;
		};
/* End PBXCopyFilesBuildPhase section */

/* Begin PBXFileReference section */
		AF7BAFD71BB1EDAD00E4961A /* KineticJ */ = {isa = PBXFileReference; explicitFileType = "compiled.mach-o.executable"; includeInIndex = 0; path = KineticJ; sourceTree = BUILT_PRODUCTS_DIR; };
		AF7BAFDA1BB1EDAD00E4961A /* main.cpp */ = {isa = PBXFileReference; lastKnownFileType = sourcecode.cpp.cpp; path = main.cpp; sourceTree = "<group>"; };
/* End PBXFileReference section */

/* Begin PBXFrameworksBuildPhase section */
		AF7BAFD41BB1EDAD00E4961A /* Frameworks */ = {
			isa = PBXFrameworksBuildPhase;
			buildActionMask = 2147483647;
			files = (
			);
			runOnlyForDeploymentPostprocessing = 0;
		};
/* End PBXFrameworksBuildPhase section */

/* Begin PBXGroup section */
		AF7BAFCE1BB1EDAD00E4961A = {
			isa = PBXGroup;
			children = (
				AF7BAFD91BB1EDAD00E4961A /* KineticJ */,
				AF7BAFD81BB1EDAD00E4961A /* Products */,
			);
			sourceTree = "<group>";
		};
		AF7BAFD81BB1EDAD00E4961A /* Products */ = {
			isa = PBXGroup;
			children = (
				AF7BAFD71BB1EDAD00E4961A /* KineticJ */,
			);
			name = Products;
			sourceTree = "<group>";
		};
		AF7BAFD91BB1EDAD00E4961A /* KineticJ */ = {
			isa = PBXGroup;
			children = (
				AF7BAFDA1BB1EDAD00E4961A /* main.cpp */,
			);
			path = KineticJ;
			sourceTree = "<group>";
		};
/* End PBXGroup section */

/* Begin PBXNativeTarget section */
		AF7BAFD61BB1EDAD00E4961A /* KineticJ */ = {
			isa = PBXNativeTarget;
			buildConfigurationList = AF7BAFDE1BB1EDAD00E4961A /* Build configuration list for PBXNativeTarget "KineticJ" */;
			buildPhases = (
				AF7BAFD31BB1EDAD00E4961A /* Sources */,
				AF7BAFD41BB1EDAD00E4961A /* Frameworks */,
				AF7BAFD51BB1EDAD00E4961A /* CopyFiles */,
			);
			buildRules = (
			);
			dependencies = (
			);
			name = KineticJ;
			productName = KineticJ;
			productReference = AF7BAFD71BB1EDAD00E4961A /* KineticJ */;
			productType = "com.apple.product-type.tool";
		};
/* End PBXNativeTarget section */

/* Begin PBXProject section */
		AF7BAFCF1BB1EDAD00E4961A /* Project object */ = {
			isa = PBXProject;
			attributes = {
				LastUpgradeCheck = 0610;
				ORGANIZATIONNAME = "Green, David L.";
				TargetAttributes = {
					AF7BAFD61BB1EDAD00E4961A = {
						CreatedOnToolsVersion = 6.1;
					};
				};
			};
			buildConfigurationList = AF7BAFD21BB1EDAD00E4961A /* Build configuration list for PBXProject "KineticJ" */;
			compatibilityVersion = "Xcode 3.2";
			developmentRegion = English;
			hasScannedForEncodings = 0;
			knownRegions = (
				en,
			);
			mainGroup = AF7BAFCE1BB1EDAD00E4961A;
			productRefGroup = AF7BAFD81BB1EDAD00E4961A /* Products */;
			projectDirPath = "";
			projectRoot = "";
			targets = (
				AF7BAFD61BB1EDAD00E4961A /* KineticJ */,
			);
		};
/* End PBXProject section */

/* Begin PBXSourcesBuildPhase section */
		AF7BAFD31BB1EDAD00E4961A /* Sources */ = {
			isa = PBXSourcesBuildPhase;
			buildActionMask = 2147483647;
			files = (
				AF7BAFDB1BB1EDAD00E4961A /* main.cpp in Sources */,
			);
			runOnlyForDeploymentPostprocessing = 0;
		};
/* End PBXSourcesBuildPhase section */

/* Begin XCBuildConfiguration section */
		AF7BAFDC1BB1EDAD00E4961A /* Debug */ = {
			isa = XCBuildConfiguration;
			buildSettings = {
				ALWAYS_SEARCH_USER_PATHS = NO;
				CLANG_CXX_LANGUAGE_STANDARD = "gnu++0x";
				CLANG_CXX_LIBRARY = "libc++";
				CLANG_ENABLE_MODULES = YES;
				CLANG_ENABLE_OBJC_ARC = YES;
				CLANG_WARN_BOOL_CONVERSION = YES;
				CLANG_WARN_CONSTANT_CONVERSION = YES;
				CLANG_WARN_DIRECT_OBJC_ISA_USAGE = YES_ERROR;
				CLANG_WARN_EMPTY_BODY = YES;
				CLANG_WARN_ENUM_CONVERSION = YES;
				CLANG_WARN_INT_CONVERSION = YES;
				CLANG_WARN_OBJC_ROOT_CLASS = YES_ERROR;
				CLANG_WARN_UNREACHABLE_CODE = YES;
				CLANG_WARN__DUPLICATE_METHOD_MATCH = YES;
				COPY_PHASE_STRIP = NO;
				ENABLE_STRICT_OBJC_MSGSEND = YES;
				GCC_C_LANGUAGE_STANDARD = gnu99;
				GCC_DYNAMIC_NO_PIC = NO;
				GCC_OPTIMIZATION_LEVEL = 0;
				GCC_PREPROCESSOR_DEFINITIONS = (
					"DEBUG=1",
					"$(inherited)",
				);
				GCC_SYMBOLS_PRIVATE_EXTERN = NO;
				GCC_WARN_64_TO_32_BIT_CONVERSION = YES;
				GCC_WARN_ABOUT_RETURN_TYPE = YES_ERROR;
				GCC_WARN_UNDECLARED_SELECTOR = YES;
				GCC_WARN_UNINITIALIZED_AUTOS = YES_AGGRESSIVE;
				GCC_WARN_UNUSED_FUNCTION = YES;
				GCC_WARN_UNUSED_VARIABLE = YES;
				MACOSX_DEPLOYMENT_TARGET = 10.10;
				MTL_ENABLE_DEBUG_INFO = YES;
				ONLY_ACTIVE_ARCH = YES;
				SDKROOT = macosx;
			};
			name = Debug;
		};
		AF7BAFDD1BB1EDAD00E4961A /* Release */ = {
			isa = XCBuildConfiguration;
			buildSettings = {
				ALWAYS_SEARCH_USER_PATHS = NO;
				CLANG_CXX_LANGUAGE_STANDARD = "gnu++0x";
				CLANG_CXX_LIBRARY = "libc++";
				CLANG_ENABLE_MODULES = YES;
				CLANG_ENABLE_OBJC_ARC = YES;
				CLANG_WARN_BOOL_CONVERSION = YES;
				CLANG_WARN_CONSTANT_CONVERSION = YES;
				CLANG_WARN_DIRECT_OBJC_ISA_USAGE = YES_ERROR;
				CLANG_WARN_EMPTY_BODY = YES;
				CLANG_WARN_ENUM_CONVERSION = YES;
				CLANG_WARN_INT_CONVERSION = YES;
				CLANG_WARN_OBJC_ROOT_CLASS = YES_ERROR;
				CLANG_WARN_UNREACHABLE_CODE = YES;
				CLANG_WARN__DUPLICATE_METHOD_MATCH = YES;
				COPY_PHASE_STRIP = YES;
				DEBUG_INFORMATION_FORMAT = "dwarf-with-dsym";
				ENABLE_NS_ASSERTIONS = NO;
				ENABLE_STRICT_OBJC_MSGSEND = YES;
				GCC_C_LANGUAGE_STANDARD = gnu99;
				GCC_WARN_64_TO_32_BIT_CONVERSION = YES;
				GCC_WARN_ABOUT_RETURN_TYPE = YES_ERROR;
				GCC_WARN_UNDECLARED_SELECTOR = YES;
				GCC_WARN_UNINITIALIZED_AUTOS = YES_AGGRESSIVE;
				GCC_WARN_UNUSED_FUNCTION = YES;
				GCC_WARN_UNUSED_VARIABLE = YES;
				MACOSX_DEPLOYMENT_TARGET = 10.10;
				MTL_ENABLE_DEBUG_INFO = NO;
				SDKROOT = macosx;
			};
			name = Release;
		};
		AF7BAFDF1BB1EDAD00E4961A /* Debug */ = {
			isa = XCBuildConfiguration;
			buildSettings = {
				PRODUCT_NAME = "$(TARGET_NAME)";
			};
			name = Debug;
		};
		AF7BAFE01BB1EDAD00E4961A /* Release */ = {
			isa = XCBuildConfiguration;
			buildSettings = {
				PRODUCT_NAME = "$(TARGET_NAME)";
			};
			name = Release;
		};
/* End XCBuildConfiguration section */

/* Begin XCConfigurationList section */
		AF7BAFD21BB1EDAD00E4961A /* Build configuration list for PBXProject "KineticJ" */ = {
			isa = XCConfigurationList;
			buildConfigurations = (
				AF7BAFDC1BB1EDAD00E4961A /* Debug */,
				AF7BAFDD1BB1EDAD00E4961A /* Release */,
			);
			defaultConfigurationIsVisible = 0;
			defaultConfigurationName = Release;
		};
		AF7BAFDE1BB1EDAD00E4961A /* Build configuration list for PBXNativeTarget "KineticJ" */ = {
			isa = XCConfigurationList;
			buildConfigurations = (
				AF7BAFDF1BB1EDAD00E4961A /* Debug */,
				AF7BAFE01BB1EDAD00E4961A /* Release */,
			);
			defaultConfigurationIsVisible = 0;
		};
/* End XCConfigurationList section */
	};
	rootObject = AF7BAFCF1BB1EDAD00E4961A /* Project object */;
}
